
Microsoft Visual Studio Solution File, Format Version 12.00
# Visual Studio 15
VisualStudioVersion = 15.0.27703.2035
MinimumVisualStudioVersion = 10.0.40219.1
Project("{FAE04EC0-301F-11D3-BF4B-00C04F79EFBC}") = "GestVAEUITest", "GestVAEUITest\GestVAEUITest.csproj", "{B19C892E-2628-4CA7-AD27-08D406A3B14B}"
EndProject
Project("{FAE04EC0-301F-11D3-BF4B-00C04F79EFBC}") = "GestVAE", "GestVAE\GestVAE.csproj", "{864692B8-5C9D-4385-A91F-CE3E4A75773B}"
EndProject
Project("{FAE04EC0-301F-11D3-BF4B-00C04F79EFBC}") = "GestVAEcls", "GestVAEcls\GestVAEcls.csproj", "{2537158C-EDE7-47D6-835D-1D95B30F4620}"
EndProject
Project("{FAE04EC0-301F-11D3-BF4B-00C04F79EFBC}") = "GestVAETU", "gestVAETU\GestVAETU.csproj", "{13F6F988-0635-4A3C-98A1-42CA50A68ED3}"
EndProject
Project("{FAE04EC0-301F-11D3-BF4B-00C04F79EFBC}") = "testEF6", "testEF6\testEF6.csproj", "{AD0E9570-56A7-4C0E-A8C8-806F82E92DF8}"
EndProject
Project("{FAE04EC0-301F-11D3-BF4B-00C04F79EFBC}") = "DataBindingDemo", "ExpenseIt\DataBindingDemo\DataBindingDemo.csproj", "{07E0DE49-3D55-487E-A0B7-6110EC0550C1}"
EndProject
Project("{FAE04EC0-301F-11D3-BF4B-00C04F79EFBC}") = "DispositionDynamic", "ExpenseIt\DispositionDynamic\DispositionDynamic.csproj", "{F6CB8122-423F-4E8C-9B88-DF533A5D83DD}"
EndProject
Project("{FAE04EC0-301F-11D3-BF4B-00C04F79EFBC}") = "ExpenseIt", "ExpenseIt\ExpenseIt\ExpenseIt.csproj", "{7919D71B-A8E1-4E7C-8467-577169F1AD94}"
EndProject
Project("{FAE04EC0-301F-11D3-BF4B-00C04F79EFBC}") = "FolderExplorer", "ExpenseIt\FolderExplorer\FolderExplorer.csproj", "{77A407F7-4DD6-4EA7-8929-22A6A235D555}"
EndProject
Project("{FAE04EC0-301F-11D3-BF4B-00C04F79EFBC}") = "MyWPFAPP", "ExpenseIt\MyWPFAPP\MyWPFAPP.csproj", "{49211521-1B6C-4A93-BD39-8E95BB1BF2BE}"
EndProject
Project("{2150E333-8FDC-42A3-9474-1A3956D46DE8}") = "PRJS", "PRJS", "{9E62BCF9-CFAB-499E-8C90-A165C7E5B914}"
EndProject
Project("{FAE04EC0-301F-11D3-BF4B-00C04F79EFBC}") = "WpfMDS1", "ExpenseIt\WpfMDS1\WpfMDS1.csproj", "{E7DB0618-7C6D-46AC-9F76-228A1F030A1A}"
EndProject
Project("{FAE04EC0-301F-11D3-BF4B-00C04F79EFBC}") = "WpfHorseRace", "WpfHorseRace\WpfHorseRace\WpfHorseRace\WpfHorseRace.csproj", "{BB1552EF-0105-4F82-9C27-D9D8CB860589}"
EndProject
Project("{FAE04EC0-301F-11D3-BF4B-00C04F79EFBC}") = "wpf_EntityFramework", "C#\wpf_EntityFramework\wpf_EntityFramework.csproj", "{A282940A-5F76-4FF8-9568-8B7D14133259}"
EndProject
Project("{FAE04EC0-301F-11D3-BF4B-00C04F79EFBC}") = "WpfApp1", "WpfApp1\WpfApp1.csproj", "{3FFAA857-F2AD-42C0-A2C6-830623D0B2CA}"
EndProject
Global
	GlobalSection(SolutionConfigurationPlatforms) = preSolution
		Debug|Any CPU = Debug|Any CPU
		Release|Any CPU = Release|Any CPU
	EndGlobalSection
	GlobalSection(ProjectConfigurationPlatforms) = postSolution
		{B19C892E-2628-4CA7-AD27-08D406A3B14B}.Debug|Any CPU.ActiveCfg = Debug|Any CPU
		{B19C892E-2628-4CA7-AD27-08D406A3B14B}.Debug|Any CPU.Build.0 = Debug|Any CPU
		{B19C892E-2628-4CA7-AD27-08D406A3B14B}.Release|Any CPU.ActiveCfg = Release|Any CPU
		{B19C892E-2628-4CA7-AD27-08D406A3B14B}.Release|Any CPU.Build.0 = Release|Any CPU
		{864692B8-5C9D-4385-A91F-CE3E4A75773B}.Debug|Any CPU.ActiveCfg = Debug|Any CPU
		{864692B8-5C9D-4385-A91F-CE3E4A75773B}.Debug|Any CPU.Build.0 = Debug|Any CPU
		{864692B8-5C9D-4385-A91F-CE3E4A75773B}.Release|Any CPU.ActiveCfg = Release|Any CPU
		{864692B8-5C9D-4385-A91F-CE3E4A75773B}.Release|Any CPU.Build.0 = Release|Any CPU
		{2537158C-EDE7-47D6-835D-1D95B30F4620}.Debug|Any CPU.ActiveCfg = Debug|Any CPU
		{2537158C-EDE7-47D6-835D-1D95B30F4620}.Debug|Any CPU.Build.0 = Debug|Any CPU
		{2537158C-EDE7-47D6-835D-1D95B30F4620}.Release|Any CPU.ActiveCfg = Release|Any CPU
		{2537158C-EDE7-47D6-835D-1D95B30F4620}.Release|Any CPU.Build.0 = Release|Any CPU
		{13F6F988-0635-4A3C-98A1-42CA50A68ED3}.Debug|Any CPU.ActiveCfg = Debug|Any CPU
		{13F6F988-0635-4A3C-98A1-42CA50A68ED3}.Debug|Any CPU.Build.0 = Debug|Any CPU
		{13F6F988-0635-4A3C-98A1-42CA50A68ED3}.Release|Any CPU.ActiveCfg = Release|Any CPU
		{13F6F988-0635-4A3C-98A1-42CA50A68ED3}.Release|Any CPU.Build.0 = Release|Any CPU
		{AD0E9570-56A7-4C0E-A8C8-806F82E92DF8}.Debug|Any CPU.ActiveCfg = Debug|Any CPU
		{AD0E9570-56A7-4C0E-A8C8-806F82E92DF8}.Debug|Any CPU.Build.0 = Debug|Any CPU
		{AD0E9570-56A7-4C0E-A8C8-806F82E92DF8}.Release|Any CPU.ActiveCfg = Release|Any CPU
		{AD0E9570-56A7-4C0E-A8C8-806F82E92DF8}.Release|Any CPU.Build.0 = Release|Any CPU
		{07E0DE49-3D55-487E-A0B7-6110EC0550C1}.Debug|Any CPU.ActiveCfg = Debug|Any CPU
		{07E0DE49-3D55-487E-A0B7-6110EC0550C1}.Debug|Any CPU.Build.0 = Debug|Any CPU
		{07E0DE49-3D55-487E-A0B7-6110EC0550C1}.Release|Any CPU.ActiveCfg = Release|Any CPU
		{07E0DE49-3D55-487E-A0B7-6110EC0550C1}.Release|Any CPU.Build.0 = Release|Any CPU
		{F6CB8122-423F-4E8C-9B88-DF533A5D83DD}.Debug|Any CPU.ActiveCfg = Debug|Any CPU
		{F6CB8122-423F-4E8C-9B88-DF533A5D83DD}.Debug|Any CPU.Build.0 = Debug|Any CPU
		{F6CB8122-423F-4E8C-9B88-DF533A5D83DD}.Release|Any CPU.ActiveCfg = Release|Any CPU
		{F6CB8122-423F-4E8C-9B88-DF533A5D83DD}.Release|Any CPU.Build.0 = Release|Any CPU
		{7919D71B-A8E1-4E7C-8467-577169F1AD94}.Debug|Any CPU.ActiveCfg = Debug|Any CPU
		{7919D71B-A8E1-4E7C-8467-577169F1AD94}.Debug|Any CPU.Build.0 = Debug|Any CPU
		{7919D71B-A8E1-4E7C-8467-577169F1AD94}.Release|Any CPU.ActiveCfg = Release|Any CPU
		{7919D71B-A8E1-4E7C-8467-577169F1AD94}.Release|Any CPU.Build.0 = Release|Any CPU
		{77A407F7-4DD6-4EA7-8929-22A6A235D555}.Debug|Any CPU.ActiveCfg = Debug|Any CPU
		{77A407F7-4DD6-4EA7-8929-22A6A235D555}.Debug|Any CPU.Build.0 = Debug|Any CPU
		{77A407F7-4DD6-4EA7-8929-22A6A235D555}.Release|Any CPU.ActiveCfg = Release|Any CPU
		{77A407F7-4DD6-4EA7-8929-22A6A235D555}.Release|Any CPU.Build.0 = Release|Any CPU
		{49211521-1B6C-4A93-BD39-8E95BB1BF2BE}.Debug|Any CPU.ActiveCfg = Debug|Any CPU
		{49211521-1B6C-4A93-BD39-8E95BB1BF2BE}.Debug|Any CPU.Build.0 = Debug|Any CPU
		{49211521-1B6C-4A93-BD39-8E95BB1BF2BE}.Release|Any CPU.ActiveCfg = Release|Any CPU
		{49211521-1B6C-4A93-BD39-8E95BB1BF2BE}.Release|Any CPU.Build.0 = Release|Any CPU
		{E7DB0618-7C6D-46AC-9F76-228A1F030A1A}.Debug|Any CPU.ActiveCfg = Debug|Any CPU
		{E7DB0618-7C6D-46AC-9F76-228A1F030A1A}.Debug|Any CPU.Build.0 = Debug|Any CPU
		{E7DB0618-7C6D-46AC-9F76-228A1F030A1A}.Release|Any CPU.ActiveCfg = Release|Any CPU
		{E7DB0618-7C6D-46AC-9F76-228A1F030A1A}.Release|Any CPU.Build.0 = Release|Any CPU
		{BB1552EF-0105-4F82-9C27-D9D8CB860589}.Debug|Any CPU.ActiveCfg = Debug|Any CPU
		{BB1552EF-0105-4F82-9C27-D9D8CB860589}.Debug|Any CPU.Build.0 = Debug|Any CPU
		{BB1552EF-0105-4F82-9C27-D9D8CB860589}.Release|Any CPU.ActiveCfg = Release|Any CPU
		{BB1552EF-0105-4F82-9C27-D9D8CB860589}.Release|Any CPU.Build.0 = Release|Any CPU
		{A282940A-5F76-4FF8-9568-8B7D14133259}.Debug|Any CPU.ActiveCfg = Debug|Any CPU
		{A282940A-5F76-4FF8-9568-8B7D14133259}.Debug|Any CPU.Build.0 = Debug|Any CPU
		{A282940A-5F76-4FF8-9568-8B7D14133259}.Release|Any CPU.ActiveCfg = Release|Any CPU
		{A282940A-5F76-4FF8-9568-8B7D14133259}.Release|Any CPU.Build.0 = Release|Any CPU
		{3FFAA857-F2AD-42C0-A2C6-830623D0B2CA}.Debug|Any CPU.ActiveCfg = Debug|Any CPU
		{3FFAA857-F2AD-42C0-A2C6-830623D0B2CA}.Debug|Any CPU.Build.0 = Debug|Any CPU
		{3FFAA857-F2AD-42C0-A2C6-830623D0B2CA}.Release|Any CPU.ActiveCfg = Release|Any CPU
		{3FFAA857-F2AD-42C0-A2C6-830623D0B2CA}.Release|Any CPU.Build.0 = Release|Any CPU
	EndGlobalSection
	GlobalSection(SolutionProperties) = preSolution
		HideSolutionNode = FALSE
	EndGlobalSection
	GlobalSection(NestedProjects) = preSolution
		{AD0E9570-56A7-4C0E-A8C8-806F82E92DF8} = {9E62BCF9-CFAB-499E-8C90-A165C7E5B914}
		{07E0DE49-3D55-487E-A0B7-6110EC0550C1} = {9E62BCF9-CFAB-499E-8C90-A165C7E5B914}
		{F6CB8122-423F-4E8C-9B88-DF533A5D83DD} = {9E62BCF9-CFAB-499E-8C90-A165C7E5B914}
		{7919D71B-A8E1-4E7C-8467-577169F1AD94} = {9E62BCF9-CFAB-499E-8C90-A165C7E5B914}
		{77A407F7-4DD6-4EA7-8929-22A6A235D555} = {9E62BCF9-CFAB-499E-8C90-A165C7E5B914}
		{49211521-1B6C-4A93-BD39-8E95BB1BF2BE} = {9E62BCF9-CFAB-499E-8C90-A165C7E5B914}
		{E7DB0618-7C6D-46AC-9F76-228A1F030A1A} = {9E62BCF9-CFAB-499E-8C90-A165C7E5B914}
		{BB1552EF-0105-4F82-9C27-D9D8CB860589} = {9E62BCF9-CFAB-499E-8C90-A165C7E5B914}
		{A282940A-5F76-4FF8-9568-8B7D14133259} = {9E62BCF9-CFAB-499E-8C90-A165C7E5B914}
		{3FFAA857-F2AD-42C0-A2C6-830623D0B2CA} = {9E62BCF9-CFAB-499E-8C90-A165C7E5B914}
	EndGlobalSection
	GlobalSection(ExtensibilityGlobals) = postSolution
		SolutionGuid = {820F4A43-C35A-43AB-A44A-BA1A45E3A26F}
	EndGlobalSection
EndGlobal
