
Microsoft Visual Studio Solution File, Format Version 12.00
# Visual Studio 15
VisualStudioVersion = 15.0.27703.2035
MinimumVisualStudioVersion = 10.0.40219.1
Project("{FAE04EC0-301F-11D3-BF4B-00C04F79EFBC}") = "clsGestVAE", "clsGestVAE\clsGestVAE.csproj", "{33144427-B649-48DC-8484-7C5B24D6C024}"
EndProject
Global
	GlobalSection(SolutionConfigurationPlatforms) = preSolution
		Debug|Any CPU = Debug|Any CPU
		Release|Any CPU = Release|Any CPU
	EndGlobalSection
	GlobalSection(ProjectConfigurationPlatforms) = postSolution
		{33144427-B649-48DC-8484-7C5B24D6C024}.Debug|Any CPU.ActiveCfg = Debug|Any CPU
		{33144427-B649-48DC-8484-7C5B24D6C024}.Debug|Any CPU.Build.0 = Debug|Any CPU
		{33144427-B649-48DC-8484-7C5B24D6C024}.Release|Any CPU.ActiveCfg = Release|Any CPU
		{33144427-B649-48DC-8484-7C5B24D6C024}.Release|Any CPU.Build.0 = Release|Any CPU
	EndGlobalSection
	GlobalSection(SolutionProperties) = preSolution
		HideSolutionNode = FALSE
	EndGlobalSection
	GlobalSection(ExtensibilityGlobals) = postSolution
		SolutionGuid = {820F4A43-C35A-43AB-A44A-BA1A45E3A26F}
	EndGlobalSection
EndGlobal
